
Microsoft Visual Studio Solution File, Format Version 12.00
# Visual Studio Version 17
VisualStudioVersion = 17.0.31903.59
MinimumVisualStudioVersion = 10.0.40219.1
Project("{2150E333-8FDC-42A3-9474-1A3956D46DE8}") = "IdentityServer", "IdentityServer", "{DE98AA68-6D0E-4EA6-A3DA-B7B72A354564}"
EndProject
Project("{9A19103F-16F7-4668-BE54-9A1E7A4F7556}") = "IdentityServer", "IdentityServer\IdentityServer.csproj", "{BC926BC0-B0A7-43BC-99AB-E0A33F2F4C98}"
EndProject
Project("{2150E333-8FDC-42A3-9474-1A3956D46DE8}") = "Api", "Api", "{4F9FE8E9-FA4B-4EF4-9C70-72766821D9C5}"
EndProject
Project("{9A19103F-16F7-4668-BE54-9A1E7A4F7556}") = "Api", "Api\Api.csproj", "{12FEDC40-AC6B-4697-8C64-67DCF8A86B10}"
EndProject
Project("{2150E333-8FDC-42A3-9474-1A3956D46DE8}") = "Client", "Client", "{4E61BB27-5FBC-471F-83BE-3EC38D9A5A9C}"
EndProject
Project("{9A19103F-16F7-4668-BE54-9A1E7A4F7556}") = "Client", "Client\Client.csproj", "{39F64CA3-D0CB-4FF0-BC38-F6D4460BF296}"
EndProject
Project("{2150E333-8FDC-42A3-9474-1A3956D46DE8}") = "WebClient", "WebClient", "{60A27B3E-2D5E-43C4-9588-BB10177A8931}"
EndProject
Project("{FAE04EC0-301F-11D3-BF4B-00C04F79EFBC}") = "WebClient", "WebClient\WebClient.csproj", "{5DA3B5F6-3CCD-4B59-AD5D-F5D28718AB81}"
EndProject
Project("{2150E333-8FDC-42A3-9474-1A3956D46DE8}") = "IdentityServerAspNetIdentity", "IdentityServerAspNetIdentity", "{DAD75116-CEED-4DAE-B827-FCBEDC02BF98}"
EndProject
Project("{FAE04EC0-301F-11D3-BF4B-00C04F79EFBC}") = "IdentityServerAspNetIdentity", "IdentityServerAspNetIdentity\IdentityServerAspNetIdentity.csproj", "{47742953-6116-4670-8767-41CB9AA95414}"
EndProject
Global
	GlobalSection(SolutionConfigurationPlatforms) = preSolution
		Debug|Any CPU = Debug|Any CPU
		Release|Any CPU = Release|Any CPU
	EndGlobalSection
	GlobalSection(ProjectConfigurationPlatforms) = postSolution
		{BC926BC0-B0A7-43BC-99AB-E0A33F2F4C98}.Debug|Any CPU.ActiveCfg = Debug|Any CPU
		{BC926BC0-B0A7-43BC-99AB-E0A33F2F4C98}.Debug|Any CPU.Build.0 = Debug|Any CPU
		{BC926BC0-B0A7-43BC-99AB-E0A33F2F4C98}.Release|Any CPU.ActiveCfg = Release|Any CPU
		{BC926BC0-B0A7-43BC-99AB-E0A33F2F4C98}.Release|Any CPU.Build.0 = Release|Any CPU
		{12FEDC40-AC6B-4697-8C64-67DCF8A86B10}.Debug|Any CPU.ActiveCfg = Debug|Any CPU
		{12FEDC40-AC6B-4697-8C64-67DCF8A86B10}.Debug|Any CPU.Build.0 = Debug|Any CPU
		{12FEDC40-AC6B-4697-8C64-67DCF8A86B10}.Release|Any CPU.ActiveCfg = Release|Any CPU
		{12FEDC40-AC6B-4697-8C64-67DCF8A86B10}.Release|Any CPU.Build.0 = Release|Any CPU
		{39F64CA3-D0CB-4FF0-BC38-F6D4460BF296}.Debug|Any CPU.ActiveCfg = Debug|Any CPU
		{39F64CA3-D0CB-4FF0-BC38-F6D4460BF296}.Debug|Any CPU.Build.0 = Debug|Any CPU
		{39F64CA3-D0CB-4FF0-BC38-F6D4460BF296}.Release|Any CPU.ActiveCfg = Release|Any CPU
		{39F64CA3-D0CB-4FF0-BC38-F6D4460BF296}.Release|Any CPU.Build.0 = Release|Any CPU
		{5DA3B5F6-3CCD-4B59-AD5D-F5D28718AB81}.Debug|Any CPU.ActiveCfg = Debug|Any CPU
		{5DA3B5F6-3CCD-4B59-AD5D-F5D28718AB81}.Debug|Any CPU.Build.0 = Debug|Any CPU
		{5DA3B5F6-3CCD-4B59-AD5D-F5D28718AB81}.Release|Any CPU.ActiveCfg = Release|Any CPU
		{5DA3B5F6-3CCD-4B59-AD5D-F5D28718AB81}.Release|Any CPU.Build.0 = Release|Any CPU
		{47742953-6116-4670-8767-41CB9AA95414}.Debug|Any CPU.ActiveCfg = Debug|Any CPU
		{47742953-6116-4670-8767-41CB9AA95414}.Debug|Any CPU.Build.0 = Debug|Any CPU
		{47742953-6116-4670-8767-41CB9AA95414}.Release|Any CPU.ActiveCfg = Release|Any CPU
		{47742953-6116-4670-8767-41CB9AA95414}.Release|Any CPU.Build.0 = Release|Any CPU
	EndGlobalSection
	GlobalSection(SolutionProperties) = preSolution
		HideSolutionNode = FALSE
	EndGlobalSection
	GlobalSection(NestedProjects) = preSolution
		{BC926BC0-B0A7-43BC-99AB-E0A33F2F4C98} = {DE98AA68-6D0E-4EA6-A3DA-B7B72A354564}
		{12FEDC40-AC6B-4697-8C64-67DCF8A86B10} = {4F9FE8E9-FA4B-4EF4-9C70-72766821D9C5}
		{39F64CA3-D0CB-4FF0-BC38-F6D4460BF296} = {4E61BB27-5FBC-471F-83BE-3EC38D9A5A9C}
		{5DA3B5F6-3CCD-4B59-AD5D-F5D28718AB81} = {60A27B3E-2D5E-43C4-9588-BB10177A8931}
		{47742953-6116-4670-8767-41CB9AA95414} = {DAD75116-CEED-4DAE-B827-FCBEDC02BF98}
	EndGlobalSection
	GlobalSection(ExtensibilityGlobals) = postSolution
		SolutionGuid = {BCC19C35-85F0-402D-A8E5-4DCE090745B6}
	EndGlobalSection
EndGlobal
